{
  "version": 4,
  "terraform_version": "0.14.7",
  "serial": 2,
  "lineage": "c9c14a4b-2516-498e-d95c-a25ab31413da",
  "outputs": {
    "aws_iam_group_policy_attachment_tfer--Moodle_AdministratorAccess-002D-Amplify_id": {
      "value": "Moodle/arn:aws:iam::aws:policy/AdministratorAccess-Amplify",
      "type": "string"
    },
    "aws_iam_group_policy_attachment_tfer--Moodle_AdministratorAccess_id": {
      "value": "Moodle/arn:aws:iam::aws:policy/AdministratorAccess",
      "type": "string"
    },
    "aws_iam_group_policy_attachment_tfer--Moodle_AlexaForBusinessDeviceSetup_id": {
      "value": "Moodle/arn:aws:iam::aws:policy/AlexaForBusinessDeviceSetup",
      "type": "string"
    },
    "aws_iam_group_policy_attachment_tfer--Moodle_AlexaForBusinessFullAccess_id": {
      "value": "Moodle/arn:aws:iam::aws:policy/AlexaForBusinessFullAccess",
      "type": "string"
    },
    "aws_iam_group_policy_attachment_tfer--Moodle_AlexaForBusinessGatewayExecution_id": {
      "value": "Moodle/arn:aws:iam::aws:policy/AlexaForBusinessGatewayExecution",
      "type": "string"
    },
    "aws_iam_group_policy_attachment_tfer--Moodle_AlexaForBusinessLifesizeDelegatedAccessPolicy_id": {
      "value": "Moodle/arn:aws:iam::aws:policy/AlexaForBusinessLifesizeDelegatedAccessPolicy",
      "type": "string"
    },
    "aws_iam_group_policy_attachment_tfer--Moodle_AlexaForBusinessPolyDelegatedAccessPolicy_id": {
      "value": "Moodle/arn:aws:iam::aws:policy/AlexaForBusinessPolyDelegatedAccessPolicy",
      "type": "string"
    },
    "aws_iam_group_policy_attachment_tfer--Moodle_AlexaForBusinessReadOnlyAccess_id": {
      "value": "Moodle/arn:aws:iam::aws:policy/AlexaForBusinessReadOnlyAccess",
      "type": "string"
    },
    "aws_iam_group_policy_attachment_tfer--Moodle_AmazonAPIGatewayAdministrator_id": {
      "value": "Moodle/arn:aws:iam::aws:policy/AmazonAPIGatewayAdministrator",
      "type": "string"
    },
    "aws_iam_group_policy_attachment_tfer--Moodle_AmazonAPIGatewayInvokeFullAccess_id": {
      "value": "Moodle/arn:aws:iam::aws:policy/AmazonAPIGatewayInvokeFullAccess",
      "type": "string"
    },
    "aws_iam_group_policy_attachment_tfer--backup_AdministratorAccess_id": {
      "value": "backup/arn:aws:iam::aws:policy/AdministratorAccess",
      "type": "string"
    },
    "aws_iam_group_policy_attachment_tfer--backup_AmazonS3FullAccess_id": {
      "value": "backup/arn:aws:iam::aws:policy/AmazonS3FullAccess",
      "type": "string"
    },
    "aws_iam_group_tfer--Moodle_id": {
      "value": "Moodle",
      "type": "string"
    },
    "aws_iam_group_tfer--backup_id": {
      "value": "backup",
      "type": "string"
    },
    "aws_iam_role_policy_attachment_tfer--AWSServiceRoleForGlobalAccelerator_AWSGlobalAcceleratorSLRPolicy_id": {
      "value": "AWSServiceRoleForGlobalAccelerator/arn:aws:iam::aws:policy/aws-service-role/AWSGlobalAcceleratorSLRPolicy",
      "type": "string"
    },
    "aws_iam_role_policy_attachment_tfer--AWSServiceRoleForOrganizations_AWSOrganizationsServiceTrustPolicy_id": {
      "value": "AWSServiceRoleForOrganizations/arn:aws:iam::aws:policy/aws-service-role/AWSOrganizationsServiceTrustPolicy",
      "type": "string"
    },
    "aws_iam_role_policy_attachment_tfer--AWSServiceRoleForSupport_AWSSupportServiceRolePolicy_id": {
      "value": "AWSServiceRoleForSupport/arn:aws:iam::aws:policy/aws-service-role/AWSSupportServiceRolePolicy",
      "type": "string"
    },
    "aws_iam_role_policy_attachment_tfer--AWSServiceRoleForTrustedAdvisor_AWSTrustedAdvisorServiceRolePolicy_id": {
      "value": "AWSServiceRoleForTrustedAdvisor/arn:aws:iam::aws:policy/aws-service-role/AWSTrustedAdvisorServiceRolePolicy",
      "type": "string"
    },
    "aws_iam_role_tfer--AWSServiceRoleForGlobalAccelerator_id": {
      "value": "AWSServiceRoleForGlobalAccelerator",
      "type": "string"
    },
    "aws_iam_role_tfer--AWSServiceRoleForOrganizations_id": {
      "value": "AWSServiceRoleForOrganizations",
      "type": "string"
    },
    "aws_iam_role_tfer--AWSServiceRoleForSupport_id": {
      "value": "AWSServiceRoleForSupport",
      "type": "string"
    },
    "aws_iam_role_tfer--AWSServiceRoleForTrustedAdvisor_id": {
      "value": "AWSServiceRoleForTrustedAdvisor",
      "type": "string"
    },
    "aws_iam_user_group_membership_tfer--backup-002F-backup_id": {
      "value": "backup/backup",
      "type": "string"
    },
    "aws_iam_user_group_membership_tfer--github_automation-002F-Moodle_id": {
      "value": "github_automation/Moodle",
      "type": "string"
    },
    "aws_iam_user_group_membership_tfer--phildelorenzo-002F-Moodle_id": {
      "value": "phildelorenzo/Moodle",
      "type": "string"
    },
    "aws_iam_user_policy_attachment_tfer--phildelorenzo_IAMUserChangePassword_id": {
      "value": "phildelorenzo/arn:aws:iam::aws:policy/IAMUserChangePassword",
      "type": "string"
    },
    "aws_iam_user_tfer--AIDAS7ZSTIRRIGGPEBVGO_id": {
      "value": "phildelorenzo",
      "type": "string"
    },
    "aws_iam_user_tfer--AIDAS7ZSTIRRIKZ3RSQFN_id": {
      "value": "github_automation",
      "type": "string"
    },
    "aws_iam_user_tfer--AIDAS7ZSTIRRIOVRMUVJK_id": {
      "value": "backup",
      "type": "string"
    }
  },
  "resources": [
    {
      "mode": "managed",
      "type": "aws_iam_group",
      "name": "tfer--Moodle",
      "provider": "provider[\"registry.terraform.io/hashicorp/aws\"]",
      "instances": [
        {
          "schema_version": 0,
          "attributes_flat": {
            "arn": "arn:aws:iam::205727679586:group/Moodle",
            "id": "Moodle",
            "name": "Moodle",
            "path": "/",
            "unique_id": "AGPAS7ZSTIRRMT5KXZ6OT"
          },
          "sensitive_attributes": []
        }
      ]
    },
    {
      "mode": "managed",
      "type": "aws_iam_group",
      "name": "tfer--backup",
      "provider": "provider[\"registry.terraform.io/hashicorp/aws\"]",
      "instances": [
        {
          "schema_version": 0,
          "attributes_flat": {
            "arn": "arn:aws:iam::205727679586:group/backup",
            "id": "backup",
            "name": "backup",
            "path": "/",
            "unique_id": "AGPAS7ZSTIRRNWZEX5O3Y"
          },
          "sensitive_attributes": []
        }
      ]
    },
    {
      "mode": "managed",
      "type": "aws_iam_group_policy_attachment",
      "name": "tfer--Moodle_AdministratorAccess",
      "provider": "provider[\"registry.terraform.io/hashicorp/aws\"]",
      "instances": [
        {
          "schema_version": 0,
          "attributes_flat": {
            "group": "Moodle",
            "id": "Moodle/arn:aws:iam::aws:policy/AdministratorAccess",
            "policy_arn": "arn:aws:iam::aws:policy/AdministratorAccess"
          },
          "sensitive_attributes": []
        }
      ]
    },
    {
      "mode": "managed",
      "type": "aws_iam_group_policy_attachment",
      "name": "tfer--Moodle_AdministratorAccess-002D-Amplify",
      "provider": "provider[\"registry.terraform.io/hashicorp/aws\"]",
      "instances": [
        {
          "schema_version": 0,
          "attributes_flat": {
            "group": "Moodle",
            "id": "Moodle/arn:aws:iam::aws:policy/AdministratorAccess-Amplify",
            "policy_arn": "arn:aws:iam::aws:policy/AdministratorAccess-Amplify"
          },
          "sensitive_attributes": []
        }
      ]
    },
    {
      "mode": "managed",
      "type": "aws_iam_group_policy_attachment",
      "name": "tfer--Moodle_AlexaForBusinessDeviceSetup",
      "provider": "provider[\"registry.terraform.io/hashicorp/aws\"]",
      "instances": [
        {
          "schema_version": 0,
          "attributes_flat": {
            "group": "Moodle",
            "id": "Moodle/arn:aws:iam::aws:policy/AlexaForBusinessDeviceSetup",
            "policy_arn": "arn:aws:iam::aws:policy/AlexaForBusinessDeviceSetup"
          },
          "sensitive_attributes": []
        }
      ]
    },
    {
      "mode": "managed",
      "type": "aws_iam_group_policy_attachment",
      "name": "tfer--Moodle_AlexaForBusinessFullAccess",
      "provider": "provider[\"registry.terraform.io/hashicorp/aws\"]",
      "instances": [
        {
          "schema_version": 0,
          "attributes_flat": {
            "group": "Moodle",
            "id": "Moodle/arn:aws:iam::aws:policy/AlexaForBusinessFullAccess",
            "policy_arn": "arn:aws:iam::aws:policy/AlexaForBusinessFullAccess"
          },
          "sensitive_attributes": []
        }
      ]
    },
    {
      "mode": "managed",
      "type": "aws_iam_group_policy_attachment",
      "name": "tfer--Moodle_AlexaForBusinessGatewayExecution",
      "provider": "provider[\"registry.terraform.io/hashicorp/aws\"]",
      "instances": [
        {
          "schema_version": 0,
          "attributes_flat": {
            "group": "Moodle",
            "id": "Moodle/arn:aws:iam::aws:policy/AlexaForBusinessGatewayExecution",
            "policy_arn": "arn:aws:iam::aws:policy/AlexaForBusinessGatewayExecution"
          },
          "sensitive_attributes": []
        }
      ]
    },
    {
      "mode": "managed",
      "type": "aws_iam_group_policy_attachment",
      "name": "tfer--Moodle_AlexaForBusinessLifesizeDelegatedAccessPolicy",
      "provider": "provider[\"registry.terraform.io/hashicorp/aws\"]",
      "instances": [
        {
          "schema_version": 0,
          "attributes_flat": {
            "group": "Moodle",
            "id": "Moodle/arn:aws:iam::aws:policy/AlexaForBusinessLifesizeDelegatedAccessPolicy",
            "policy_arn": "arn:aws:iam::aws:policy/AlexaForBusinessLifesizeDelegatedAccessPolicy"
          },
          "sensitive_attributes": []
        }
      ]
    },
    {
      "mode": "managed",
      "type": "aws_iam_group_policy_attachment",
      "name": "tfer--Moodle_AlexaForBusinessPolyDelegatedAccessPolicy",
      "provider": "provider[\"registry.terraform.io/hashicorp/aws\"]",
      "instances": [
        {
          "schema_version": 0,
          "attributes_flat": {
            "group": "Moodle",
            "id": "Moodle/arn:aws:iam::aws:policy/AlexaForBusinessPolyDelegatedAccessPolicy",
            "policy_arn": "arn:aws:iam::aws:policy/AlexaForBusinessPolyDelegatedAccessPolicy"
          },
          "sensitive_attributes": []
        }
      ]
    },
    {
      "mode": "managed",
      "type": "aws_iam_group_policy_attachment",
      "name": "tfer--Moodle_AlexaForBusinessReadOnlyAccess",
      "provider": "provider[\"registry.terraform.io/hashicorp/aws\"]",
      "instances": [
        {
          "schema_version": 0,
          "attributes_flat": {
            "group": "Moodle",
            "id": "Moodle/arn:aws:iam::aws:policy/AlexaForBusinessReadOnlyAccess",
            "policy_arn": "arn:aws:iam::aws:policy/AlexaForBusinessReadOnlyAccess"
          },
          "sensitive_attributes": []
        }
      ]
    },
    {
      "mode": "managed",
      "type": "aws_iam_group_policy_attachment",
      "name": "tfer--Moodle_AmazonAPIGatewayAdministrator",
      "provider": "provider[\"registry.terraform.io/hashicorp/aws\"]",
      "instances": [
        {
          "schema_version": 0,
          "attributes_flat": {
            "group": "Moodle",
            "id": "Moodle/arn:aws:iam::aws:policy/AmazonAPIGatewayAdministrator",
            "policy_arn": "arn:aws:iam::aws:policy/AmazonAPIGatewayAdministrator"
          },
          "sensitive_attributes": []
        }
      ]
    },
    {
      "mode": "managed",
      "type": "aws_iam_group_policy_attachment",
      "name": "tfer--Moodle_AmazonAPIGatewayInvokeFullAccess",
      "provider": "provider[\"registry.terraform.io/hashicorp/aws\"]",
      "instances": [
        {
          "schema_version": 0,
          "attributes_flat": {
            "group": "Moodle",
            "id": "Moodle/arn:aws:iam::aws:policy/AmazonAPIGatewayInvokeFullAccess",
            "policy_arn": "arn:aws:iam::aws:policy/AmazonAPIGatewayInvokeFullAccess"
          },
          "sensitive_attributes": []
        }
      ]
    },
    {
      "mode": "managed",
      "type": "aws_iam_group_policy_attachment",
      "name": "tfer--backup_AdministratorAccess",
      "provider": "provider[\"registry.terraform.io/hashicorp/aws\"]",
      "instances": [
        {
          "schema_version": 0,
          "attributes_flat": {
            "group": "backup",
            "id": "backup/arn:aws:iam::aws:policy/AdministratorAccess",
            "policy_arn": "arn:aws:iam::aws:policy/AdministratorAccess"
          },
          "sensitive_attributes": []
        }
      ]
    },
    {
      "mode": "managed",
      "type": "aws_iam_group_policy_attachment",
      "name": "tfer--backup_AmazonS3FullAccess",
      "provider": "provider[\"registry.terraform.io/hashicorp/aws\"]",
      "instances": [
        {
          "schema_version": 0,
          "attributes_flat": {
            "group": "backup",
            "id": "backup/arn:aws:iam::aws:policy/AmazonS3FullAccess",
            "policy_arn": "arn:aws:iam::aws:policy/AmazonS3FullAccess"
          },
          "sensitive_attributes": []
        }
      ]
    },
    {
      "mode": "managed",
      "type": "aws_iam_role",
      "name": "tfer--AWSServiceRoleForGlobalAccelerator",
      "provider": "provider[\"registry.terraform.io/hashicorp/aws\"]",
      "instances": [
        {
          "schema_version": 0,
          "attributes_flat": {
            "arn": "arn:aws:iam::205727679586:role/aws-service-role/globalaccelerator.amazonaws.com/AWSServiceRoleForGlobalAccelerator",
            "assume_role_policy": "{\"Version\":\"2012-10-17\",\"Statement\":[{\"Effect\":\"Allow\",\"Principal\":{\"Service\":\"globalaccelerator.amazonaws.com\"},\"Action\":\"sts:AssumeRole\"}]}",
            "create_date": "2021-01-13T19:28:20Z",
            "description": "Allows Global Accelerator to call AWS services on customer's behalf",
            "id": "AWSServiceRoleForGlobalAccelerator",
            "inline_policy.#": "1",
            "inline_policy.0.name": "",
            "inline_policy.0.policy": "",
            "managed_policy_arns.#": "1",
            "managed_policy_arns.0": "arn:aws:iam::aws:policy/aws-service-role/AWSGlobalAcceleratorSLRPolicy",
            "max_session_duration": "3600",
            "name": "AWSServiceRoleForGlobalAccelerator",
            "path": "/aws-service-role/globalaccelerator.amazonaws.com/",
            "tags.%": "0",
            "unique_id": "AROAS7ZSTIRRJQKWFV7IC"
          },
          "sensitive_attributes": []
        }
      ]
    },
    {
      "mode": "managed",
      "type": "aws_iam_role",
      "name": "tfer--AWSServiceRoleForOrganizations",
      "provider": "provider[\"registry.terraform.io/hashicorp/aws\"]",
      "instances": [
        {
          "schema_version": 0,
          "attributes_flat": {
            "arn": "arn:aws:iam::205727679586:role/aws-service-role/organizations.amazonaws.com/AWSServiceRoleForOrganizations",
            "assume_role_policy": "{\"Version\":\"2012-10-17\",\"Statement\":[{\"Effect\":\"Allow\",\"Principal\":{\"Service\":\"organizations.amazonaws.com\"},\"Action\":\"sts:AssumeRole\"}]}",
            "create_date": "2020-12-24T17:28:08Z",
            "description": "Service-linked role used by AWS Organizations to enable integration of other AWS services with Organizations.",
            "id": "AWSServiceRoleForOrganizations",
            "inline_policy.#": "1",
            "inline_policy.0.name": "",
            "inline_policy.0.policy": "",
            "managed_policy_arns.#": "1",
            "managed_policy_arns.0": "arn:aws:iam::aws:policy/aws-service-role/AWSOrganizationsServiceTrustPolicy",
            "max_session_duration": "3600",
            "name": "AWSServiceRoleForOrganizations",
            "path": "/aws-service-role/organizations.amazonaws.com/",
            "tags.%": "0",
            "unique_id": "AROAS7ZSTIRRCPJDLZKER"
          },
          "sensitive_attributes": []
        }
      ]
    },
    {
      "mode": "managed",
      "type": "aws_iam_role",
      "name": "tfer--AWSServiceRoleForSupport",
      "provider": "provider[\"registry.terraform.io/hashicorp/aws\"]",
      "instances": [
        {
          "schema_version": 0,
          "attributes_flat": {
            "arn": "arn:aws:iam::205727679586:role/aws-service-role/support.amazonaws.com/AWSServiceRoleForSupport",
            "assume_role_policy": "{\"Version\":\"2012-10-17\",\"Statement\":[{\"Effect\":\"Allow\",\"Principal\":{\"Service\":\"support.amazonaws.com\"},\"Action\":\"sts:AssumeRole\"}]}",
            "create_date": "2020-12-22T00:33:40Z",
            "description": "Enables resource access for AWS to provide billing, administrative and support services",
            "id": "AWSServiceRoleForSupport",
            "inline_policy.#": "1",
            "inline_policy.0.name": "",
            "inline_policy.0.policy": "",
            "managed_policy_arns.#": "1",
            "managed_policy_arns.0": "arn:aws:iam::aws:policy/aws-service-role/AWSSupportServiceRolePolicy",
            "max_session_duration": "3600",
            "name": "AWSServiceRoleForSupport",
            "path": "/aws-service-role/support.amazonaws.com/",
            "tags.%": "0",
            "unique_id": "AROAS7ZSTIRRKLLCRNXOV"
          },
          "sensitive_attributes": []
        }
      ]
    },
    {
      "mode": "managed",
      "type": "aws_iam_role",
      "name": "tfer--AWSServiceRoleForTrustedAdvisor",
      "provider": "provider[\"registry.terraform.io/hashicorp/aws\"]",
      "instances": [
        {
          "schema_version": 0,
          "attributes_flat": {
            "arn": "arn:aws:iam::205727679586:role/aws-service-role/trustedadvisor.amazonaws.com/AWSServiceRoleForTrustedAdvisor",
            "assume_role_policy": "{\"Version\":\"2012-10-17\",\"Statement\":[{\"Effect\":\"Allow\",\"Principal\":{\"Service\":\"trustedadvisor.amazonaws.com\"},\"Action\":\"sts:AssumeRole\"}]}",
            "create_date": "2020-12-22T00:33:40Z",
            "description": "Access for the AWS Trusted Advisor Service to help reduce cost, increase performance, and improve security of your AWS environment.",
            "id": "AWSServiceRoleForTrustedAdvisor",
            "inline_policy.#": "1",
            "inline_policy.0.name": "",
            "inline_policy.0.policy": "",
            "managed_policy_arns.#": "1",
            "managed_policy_arns.0": "arn:aws:iam::aws:policy/aws-service-role/AWSTrustedAdvisorServiceRolePolicy",
            "max_session_duration": "3600",
            "name": "AWSServiceRoleForTrustedAdvisor",
            "path": "/aws-service-role/trustedadvisor.amazonaws.com/",
            "tags.%": "0",
            "unique_id": "AROAS7ZSTIRRBZLDXDVXG"
          },
          "sensitive_attributes": []
        }
      ]
    },
    {
      "mode": "managed",
      "type": "aws_iam_role_policy_attachment",
      "name": "tfer--AWSServiceRoleForGlobalAccelerator_AWSGlobalAcceleratorSLRPolicy",
      "provider": "provider[\"registry.terraform.io/hashicorp/aws\"]",
      "instances": [
        {
          "schema_version": 0,
          "attributes_flat": {
            "id": "AWSServiceRoleForGlobalAccelerator/arn:aws:iam::aws:policy/aws-service-role/AWSGlobalAcceleratorSLRPolicy",
            "policy_arn": "arn:aws:iam::aws:policy/aws-service-role/AWSGlobalAcceleratorSLRPolicy",
            "role": "AWSServiceRoleForGlobalAccelerator"
          },
          "sensitive_attributes": []
        }
      ]
    },
    {
      "mode": "managed",
      "type": "aws_iam_role_policy_attachment",
      "name": "tfer--AWSServiceRoleForOrganizations_AWSOrganizationsServiceTrustPolicy",
      "provider": "provider[\"registry.terraform.io/hashicorp/aws\"]",
      "instances": [
        {
          "schema_version": 0,
          "attributes_flat": {
            "id": "AWSServiceRoleForOrganizations/arn:aws:iam::aws:policy/aws-service-role/AWSOrganizationsServiceTrustPolicy",
            "policy_arn": "arn:aws:iam::aws:policy/aws-service-role/AWSOrganizationsServiceTrustPolicy",
            "role": "AWSServiceRoleForOrganizations"
          },
          "sensitive_attributes": []
        }
      ]
    },
    {
      "mode": "managed",
      "type": "aws_iam_role_policy_attachment",
      "name": "tfer--AWSServiceRoleForSupport_AWSSupportServiceRolePolicy",
      "provider": "provider[\"registry.terraform.io/hashicorp/aws\"]",
      "instances": [
        {
          "schema_version": 0,
          "attributes_flat": {
            "id": "AWSServiceRoleForSupport/arn:aws:iam::aws:policy/aws-service-role/AWSSupportServiceRolePolicy",
            "policy_arn": "arn:aws:iam::aws:policy/aws-service-role/AWSSupportServiceRolePolicy",
            "role": "AWSServiceRoleForSupport"
          },
          "sensitive_attributes": []
        }
      ]
    },
    {
      "mode": "managed",
      "type": "aws_iam_role_policy_attachment",
      "name": "tfer--AWSServiceRoleForTrustedAdvisor_AWSTrustedAdvisorServiceRolePolicy",
      "provider": "provider[\"registry.terraform.io/hashicorp/aws\"]",
      "instances": [
        {
          "schema_version": 0,
          "attributes_flat": {
            "id": "AWSServiceRoleForTrustedAdvisor/arn:aws:iam::aws:policy/aws-service-role/AWSTrustedAdvisorServiceRolePolicy",
            "policy_arn": "arn:aws:iam::aws:policy/aws-service-role/AWSTrustedAdvisorServiceRolePolicy",
            "role": "AWSServiceRoleForTrustedAdvisor"
          },
          "sensitive_attributes": []
        }
      ]
    },
    {
      "mode": "managed",
      "type": "aws_iam_user",
      "name": "tfer--AIDAS7ZSTIRRIGGPEBVGO",
      "provider": "provider[\"registry.terraform.io/hashicorp/aws\"]",
      "instances": [
        {
          "schema_version": 0,
          "attributes_flat": {
            "arn": "arn:aws:iam::205727679586:user/phildelorenzo",
            "force_destroy": "false",
            "id": "phildelorenzo",
            "name": "phildelorenzo",
            "path": "/",
            "tags.%": "0",
            "unique_id": "AIDAS7ZSTIRRIGGPEBVGO"
          },
          "sensitive_attributes": []
        }
      ]
    },
    {
      "mode": "managed",
      "type": "aws_iam_user",
      "name": "tfer--AIDAS7ZSTIRRIKZ3RSQFN",
      "provider": "provider[\"registry.terraform.io/hashicorp/aws\"]",
      "instances": [
        {
          "schema_version": 0,
          "attributes_flat": {
            "arn": "arn:aws:iam::205727679586:user/github_automation",
            "force_destroy": "false",
            "id": "github_automation",
            "name": "github_automation",
            "path": "/",
            "tags.%": "1",
            "tags.DESCRIPTION": "Programmatic access key for Terraform use within Github",
            "unique_id": "AIDAS7ZSTIRRIKZ3RSQFN"
          },
          "sensitive_attributes": []
        }
      ]
    },
    {
      "mode": "managed",
      "type": "aws_iam_user",
      "name": "tfer--AIDAS7ZSTIRRIOVRMUVJK",
      "provider": "provider[\"registry.terraform.io/hashicorp/aws\"]",
      "instances": [
        {
          "schema_version": 0,
          "attributes_flat": {
            "arn": "arn:aws:iam::205727679586:user/backup",
            "force_destroy": "false",
            "id": "backup",
            "name": "backup",
            "path": "/",
            "tags.%": "1",
            "tags.backup": "",
            "unique_id": "AIDAS7ZSTIRRIOVRMUVJK"
          },
          "sensitive_attributes": []
        }
      ]
    },
    {
      "mode": "managed",
      "type": "aws_iam_user_group_membership",
      "name": "tfer--backup-002F-backup",
      "provider": "provider[\"registry.terraform.io/hashicorp/aws\"]",
      "instances": [
        {
          "schema_version": 0,
          "attributes_flat": {
            "groups.#": "1",
            "groups.0": "backup",
            "id": "backup/backup",
            "user": "backup"
          },
          "sensitive_attributes": []
        }
      ]
    },
    {
      "mode": "managed",
      "type": "aws_iam_user_group_membership",
      "name": "tfer--github_automation-002F-Moodle",
      "provider": "provider[\"registry.terraform.io/hashicorp/aws\"]",
      "instances": [
        {
          "schema_version": 0,
          "attributes_flat": {
            "groups.#": "1",
            "groups.0": "Moodle",
            "id": "github_automation/Moodle",
            "user": "github_automation"
          },
          "sensitive_attributes": []
        }
      ]
    },
    {
      "mode": "managed",
      "type": "aws_iam_user_group_membership",
      "name": "tfer--phildelorenzo-002F-Moodle",
      "provider": "provider[\"registry.terraform.io/hashicorp/aws\"]",
      "instances": [
        {
          "schema_version": 0,
          "attributes_flat": {
            "groups.#": "1",
            "groups.0": "Moodle",
            "id": "phildelorenzo/Moodle",
            "user": "phildelorenzo"
          },
          "sensitive_attributes": []
        }
      ]
    },
    {
      "mode": "managed",
      "type": "aws_iam_user_policy_attachment",
      "name": "tfer--phildelorenzo_IAMUserChangePassword",
      "provider": "provider[\"registry.terraform.io/hashicorp/aws\"]",
      "instances": [
        {
          "schema_version": 0,
          "attributes_flat": {
            "id": "phildelorenzo/arn:aws:iam::aws:policy/IAMUserChangePassword",
            "policy_arn": "arn:aws:iam::aws:policy/IAMUserChangePassword",
            "user": "phildelorenzo"
          },
          "sensitive_attributes": []
        }
      ]
    }
  ]
}
